// !$*UTF8*$!
{
	archiveVersion = 1;
	classes = {
	};
	objectVersion = 46;
	objects = {

/* Begin PBXBuildFile section */
		C4839CBE1C8235E1005BD929 /* AppDelegate.swift in Sources */ = {isa = PBXBuildFile; fileRef = C4839CBD1C8235E1005BD929 /* AppDelegate.swift */; };
		C4839CC01C8235E1005BD929 /* ViewController.swift in Sources */ = {isa = PBXBuildFile; fileRef = C4839CBF1C8235E1005BD929 /* ViewController.swift */; };
		C4839CC31C8235E1005BD929 /* Main.storyboard in Resources */ = {isa = PBXBuildFile; fileRef = C4839CC11C8235E1005BD929 /* Main.storyboard */; };
		C4839CC51C8235E1005BD929 /* Assets.xcassets in Resources */ = {isa = PBXBuildFile; fileRef = C4839CC41C8235E1005BD929 /* Assets.xcassets */; };
		C4839CC81C8235E1005BD929 /* LaunchScreen.storyboard in Resources */ = {isa = PBXBuildFile; fileRef = C4839CC61C8235E1005BD929 /* LaunchScreen.storyboard */; };
		C4839CD01C823638005BD929 /* TripsDataManager.swift in Sources */ = {isa = PBXBuildFile; fileRef = C4839CCF1C823638005BD929 /* TripsDataManager.swift */; };
		C4839CD51C8236B6005BD929 /* berlin.jpg in Resources */ = {isa = PBXBuildFile; fileRef = C4839CD21C8236B6005BD929 /* berlin.jpg */; };
		C4839CD61C8236B6005BD929 /* iceland.jpg in Resources */ = {isa = PBXBuildFile; fileRef = C4839CD31C8236B6005BD929 /* iceland.jpg */; };
		C4839CD71C8236B6005BD929 /* InitialTrips.plist in Resources */ = {isa = PBXBuildFile; fileRef = C4839CD41C8236B6005BD929 /* InitialTrips.plist */; };
/* End PBXBuildFile section */

/* Begin PBXFileReference section */
		C4839CBA1C8235E1005BD929 /* iTravel.app */ = {isa = PBXFileReference; explicitFileType = wrapper.application; includeInIndex = 0; path = iTravel.app; sourceTree = BUILT_PRODUCTS_DIR; };
		C4839CBD1C8235E1005BD929 /* AppDelegate.swift */ = {isa = PBXFileReference; lastKnownFileType = sourcecode.swift; path = AppDelegate.swift; sourceTree = "<group>"; };
		C4839CBF1C8235E1005BD929 /* ViewController.swift */ = {isa = PBXFileReference; lastKnownFileType = sourcecode.swift; path = ViewController.swift; sourceTree = "<group>"; };
		C4839CC21C8235E1005BD929 /* Base */ = {isa = PBXFileReference; lastKnownFileType = file.storyboard; name = Base; path = Base.lproj/Main.storyboard; sourceTree = "<group>"; };
		C4839CC41C8235E1005BD929 /* Assets.xcassets */ = {isa = PBXFileReference; lastKnownFileType = folder.assetcatalog; path = Assets.xcassets; sourceTree = "<group>"; };
		C4839CC71C8235E1005BD929 /* Base */ = {isa = PBXFileReference; lastKnownFileType = file.storyboard; name = Base; path = Base.lproj/LaunchScreen.storyboard; sourceTree = "<group>"; };
		C4839CC91C8235E1005BD929 /* Info.plist */ = {isa = PBXFileReference; lastKnownFileType = text.plist.xml; path = Info.plist; sourceTree = "<group>"; };
		C4839CCF1C823638005BD929 /* TripsDataManager.swift */ = {isa = PBXFileReference; fileEncoding = 4; lastKnownFileType = sourcecode.swift; name = TripsDataManager.swift; path = ../TripsDataManager.swift; sourceTree = "<group>"; };
		C4839CD21C8236B6005BD929 /* berlin.jpg */ = {isa = PBXFileReference; lastKnownFileType = image.jpeg; name = berlin.jpg; path = InitialTrips/berlin.jpg; sourceTree = "<group>"; };
		C4839CD31C8236B6005BD929 /* iceland.jpg */ = {isa = PBXFileReference; lastKnownFileType = image.jpeg; name = iceland.jpg; path = InitialTrips/iceland.jpg; sourceTree = "<group>"; };
		C4839CD41C8236B6005BD929 /* InitialTrips.plist */ = {isa = PBXFileReference; fileEncoding = 4; lastKnownFileType = text.plist.xml; name = InitialTrips.plist; path = InitialTrips/InitialTrips.plist; sourceTree = "<group>"; };
/* End PBXFileReference section */

/* Begin PBXFrameworksBuildPhase section */
		C4839CB71C8235E1005BD929 /* Frameworks */ = {
			isa = PBXFrameworksBuildPhase;
			buildActionMask = 2147483647;
			files = (
			);
			runOnlyForDeploymentPostprocessing = 0;
		};
/* End PBXFrameworksBuildPhase section */

/* Begin PBXGroup section */
		C4839CB11C8235E1005BD929 = {
			isa = PBXGroup;
			children = (
				C4839CBC1C8235E1005BD929 /* iTravel */,
				C4839CBB1C8235E1005BD929 /* Products */,
			);
			sourceTree = "<group>";
		};
		C4839CBB1C8235E1005BD929 /* Products */ = {
			isa = PBXGroup;
			children = (
				C4839CBA1C8235E1005BD929 /* iTravel.app */,
			);
			name = Products;
			sourceTree = "<group>";
		};
		C4839CBC1C8235E1005BD929 /* iTravel */ = {
			isa = PBXGroup;
			children = (
				C4839CD11C823665005BD929 /* InitialTrips */,
				C4839CBD1C8235E1005BD929 /* AppDelegate.swift */,
				C4839CBF1C8235E1005BD929 /* ViewController.swift */,
				C4839CC11C8235E1005BD929 /* Main.storyboard */,
				C4839CC41C8235E1005BD929 /* Assets.xcassets */,
				C4839CCF1C823638005BD929 /* TripsDataManager.swift */,
				C4839CC61C8235E1005BD929 /* LaunchScreen.storyboard */,
				C4839CC91C8235E1005BD929 /* Info.plist */,
			);
			path = iTravel;
			sourceTree = "<group>";
		};
		C4839CD11C823665005BD929 /* InitialTrips */ = {
			isa = PBXGroup;
			children = (
				C4839CD21C8236B6005BD929 /* berlin.jpg */,
				C4839CD31C8236B6005BD929 /* iceland.jpg */,
				C4839CD41C8236B6005BD929 /* InitialTrips.plist */,
			);
			name = InitialTrips;
			sourceTree = "<group>";
		};
/* End PBXGroup section */

/* Begin PBXNativeTarget section */
		C4839CB91C8235E1005BD929 /* iTravel */ = {
			isa = PBXNativeTarget;
			buildConfigurationList = C4839CCC1C8235E1005BD929 /* Build configuration list for PBXNativeTarget "iTravel" */;
			buildPhases = (
				C4839CB61C8235E1005BD929 /* Sources */,
				C4839CB71C8235E1005BD929 /* Frameworks */,
				C4839CB81C8235E1005BD929 /* Resources */,
			);
			buildRules = (
			);
			dependencies = (
			);
			name = iTravel;
			productName = iTravel;
			productReference = C4839CBA1C8235E1005BD929 /* iTravel.app */;
			productType = "com.apple.product-type.application";
		};
/* End PBXNativeTarget section */

/* Begin PBXProject section */
		C4839CB21C8235E1005BD929 /* Project object */ = {
			isa = PBXProject;
			attributes = {
				LastSwiftUpdateCheck = 0720;
				LastUpgradeCheck = 0720;
				ORGANIZATIONNAME = "Székely Ádám";
				TargetAttributes = {
					C4839CB91C8235E1005BD929 = {
						CreatedOnToolsVersion = 7.2;
					};
				};
			};
			buildConfigurationList = C4839CB51C8235E1005BD929 /* Build configuration list for PBXProject "iTravel" */;
			compatibilityVersion = "Xcode 3.2";
			developmentRegion = English;
			hasScannedForEncodings = 0;
			knownRegions = (
				en,
				Base,
			);
			mainGroup = C4839CB11C8235E1005BD929;
			productRefGroup = C4839CBB1C8235E1005BD929 /* Products */;
			projectDirPath = "";
			projectRoot = "";
			targets = (
				C4839CB91C8235E1005BD929 /* iTravel */,
			);
		};
/* End PBXProject section */

/* Begin PBXResourcesBuildPhase section */
		C4839CB81C8235E1005BD929 /* Resources */ = {
			isa = PBXResourcesBuildPhase;
			buildActionMask = 2147483647;
			files = (
				C4839CC81C8235E1005BD929 /* LaunchScreen.storyboard in Resources */,
				C4839CD51C8236B6005BD929 /* berlin.jpg in Resources */,
				C4839CC51C8235E1005BD929 /* Assets.xcassets in Resources */,
				C4839CD61C8236B6005BD929 /* iceland.jpg in Resources */,
				C4839CD71C8236B6005BD929 /* InitialTrips.plist in Resources */,
				C4839CC31C8235E1005BD929 /* Main.storyboard in Resources */,
			);
			runOnlyForDeploymentPostprocessing = 0;
		};
/* End PBXResourcesBuildPhase section */

/* Begin PBXSourcesBuildPhase section */
		C4839CB61C8235E1005BD929 /* Sources */ = {
			isa = PBXSourcesBuildPhase;
			buildActionMask = 2147483647;
			files = (
				C4839CD01C823638005BD929 /* TripsDataManager.swift in Sources */,
				C4839CC01C8235E1005BD929 /* ViewController.swift in Sources */,
				C4839CBE1C8235E1005BD929 /* AppDelegate.swift in Sources */,
			);
			runOnlyForDeploymentPostprocessing = 0;
		};
/* End PBXSourcesBuildPhase section */

/* Begin PBXVariantGroup section */
		C4839CC11C8235E1005BD929 /* Main.storyboard */ = {
			isa = PBXVariantGroup;
			children = (
				C4839CC21C8235E1005BD929 /* Base */,
			);
			name = Main.storyboard;
			sourceTree = "<group>";
		};
		C4839CC61C8235E1005BD929 /* LaunchScreen.storyboard */ = {
			isa = PBXVariantGroup;
			children = (
				C4839CC71C8235E1005BD929 /* Base */,
			);
			name = LaunchScreen.storyboard;
			sourceTree = "<group>";
		};
/* End PBXVariantGroup section */

/* Begin XCBuildConfiguration section */
		C4839CCA1C8235E1005BD929 /* Debug */ = {
			isa = XCBuildConfiguration;
			buildSettings = {
				ALWAYS_SEARCH_USER_PATHS = NO;
				CLANG_CXX_LANGUAGE_STANDARD = "gnu++0x";
				CLANG_CXX_LIBRARY = "libc++";
				CLANG_ENABLE_MODULES = YES;
				CLANG_ENABLE_OBJC_ARC = YES;
				CLANG_WARN_BOOL_CONVERSION = YES;
				CLANG_WARN_CONSTANT_CONVERSION = YES;
				CLANG_WARN_DIRECT_OBJC_ISA_USAGE = YES_ERROR;
				CLANG_WARN_EMPTY_BODY = YES;
				CLANG_WARN_ENUM_CONVERSION = YES;
				CLANG_WARN_INT_CONVERSION = YES;
				CLANG_WARN_OBJC_ROOT_CLASS = YES_ERROR;
				CLANG_WARN_UNREACHABLE_CODE = YES;
				CLANG_WARN__DUPLICATE_METHOD_MATCH = YES;
				"CODE_SIGN_IDENTITY[sdk=iphoneos*]" = "iPhone Developer";
				COPY_PHASE_STRIP = NO;
				DEBUG_INFORMATION_FORMAT = dwarf;
				ENABLE_STRICT_OBJC_MSGSEND = YES;
				ENABLE_TESTABILITY = YES;
				GCC_C_LANGUAGE_STANDARD = gnu99;
				GCC_DYNAMIC_NO_PIC = NO;
				GCC_NO_COMMON_BLOCKS = YES;
				GCC_OPTIMIZATION_LEVEL = 0;
				GCC_PREPROCESSOR_DEFINITIONS = (
					"DEBUG=1",
					"$(inherited)",
				);
				GCC_WARN_64_TO_32_BIT_CONVERSION = YES;
				GCC_WARN_ABOUT_RETURN_TYPE = YES_ERROR;
				GCC_WARN_UNDECLARED_SELECTOR = YES;
				GCC_WARN_UNINITIALIZED_AUTOS = YES_AGGRESSIVE;
				GCC_WARN_UNUSED_FUNCTION = YES;
				GCC_WARN_UNUSED_VARIABLE = YES;
				IPHONEOS_DEPLOYMENT_TARGET = 9.2;
				MTL_ENABLE_DEBUG_INFO = YES;
				ONLY_ACTIVE_ARCH = YES;
				SDKROOT = iphoneos;
				SWIFT_OPTIMIZATION_LEVEL = "-Onone";
			};
			name = Debug;
		};
		C4839CCB1C8235E1005BD929 /* Release */ = {
			isa = XCBuildConfiguration;
			buildSettings = {
				ALWAYS_SEARCH_USER_PATHS = NO;
				CLANG_CXX_LANGUAGE_STANDARD = "gnu++0x";
				CLANG_CXX_LIBRARY = "libc++";
				CLANG_ENABLE_MODULES = YES;
				CLANG_ENABLE_OBJC_ARC = YES;
				CLANG_WARN_BOOL_CONVERSION = YES;
				CLANG_WARN_CONSTANT_CONVERSION = YES;
				CLANG_WARN_DIRECT_OBJC_ISA_USAGE = YES_ERROR;
				CLANG_WARN_EMPTY_BODY = YES;
				CLANG_WARN_ENUM_CONVERSION = YES;
				CLANG_WARN_INT_CONVERSION = YES;
				CLANG_WARN_OBJC_ROOT_CLASS = YES_ERROR;
				CLANG_WARN_UNREACHABLE_CODE = YES;
				CLANG_WARN__DUPLICATE_METHOD_MATCH = YES;
				"CODE_SIGN_IDENTITY[sdk=iphoneos*]" = "iPhone Developer";
				COPY_PHASE_STRIP = NO;
				DEBUG_INFORMATION_FORMAT = "dwarf-with-dsym";
				ENABLE_NS_ASSERTIONS = NO;
				ENABLE_STRICT_OBJC_MSGSEND = YES;
				GCC_C_LANGUAGE_STANDARD = gnu99;
				GCC_NO_COMMON_BLOCKS = YES;
				GCC_WARN_64_TO_32_BIT_CONVERSION = YES;
				GCC_WARN_ABOUT_RETURN_TYPE = YES_ERROR;
				GCC_WARN_UNDECLARED_SELECTOR = YES;
				GCC_WARN_UNINITIALIZED_AUTOS = YES_AGGRESSIVE;
				GCC_WARN_UNUSED_FUNCTION = YES;
				GCC_WARN_UNUSED_VARIABLE = YES;
				IPHONEOS_DEPLOYMENT_TARGET = 9.2;
				MTL_ENABLE_DEBUG_INFO = NO;
				SDKROOT = iphoneos;
				VALIDATE_PRODUCT = YES;
			};
			name = Release;
		};
		C4839CCD1C8235E1005BD929 /* Debug */ = {
			isa = XCBuildConfiguration;
			buildSettings = {
				ASSETCATALOG_COMPILER_APPICON_NAME = AppIcon;
				INFOPLIST_FILE = iTravel/Info.plist;
				LD_RUNPATH_SEARCH_PATHS = "$(inherited) @executable_path/Frameworks";
				PRODUCT_BUNDLE_IDENTIFIER = hu.szekelyadam.iTravel;
				PRODUCT_NAME = "$(TARGET_NAME)";
			};
			name = Debug;
		};
		C4839CCE1C8235E1005BD929 /* Release */ = {
			isa = XCBuildConfiguration;
			buildSettings = {
				ASSETCATALOG_COMPILER_APPICON_NAME = AppIcon;
				INFOPLIST_FILE = iTravel/Info.plist;
				LD_RUNPATH_SEARCH_PATHS = "$(inherited) @executable_path/Frameworks";
				PRODUCT_BUNDLE_IDENTIFIER = hu.szekelyadam.iTravel;
				PRODUCT_NAME = "$(TARGET_NAME)";
			};
			name = Release;
		};
/* End XCBuildConfiguration section */

/* Begin XCConfigurationList section */
		C4839CB51C8235E1005BD929 /* Build configuration list for PBXProject "iTravel" */ = {
			isa = XCConfigurationList;
			buildConfigurations = (
				C4839CCA1C8235E1005BD929 /* Debug */,
				C4839CCB1C8235E1005BD929 /* Release */,
			);
			defaultConfigurationIsVisible = 0;
			defaultConfigurationName = Release;
		};
		C4839CCC1C8235E1005BD929 /* Build configuration list for PBXNativeTarget "iTravel" */ = {
			isa = XCConfigurationList;
			buildConfigurations = (
				C4839CCD1C8235E1005BD929 /* Debug */,
				C4839CCE1C8235E1005BD929 /* Release */,
			);
			defaultConfigurationIsVisible = 0;
		};
/* End XCConfigurationList section */
	};
	rootObject = C4839CB21C8235E1005BD929 /* Project object */;
}
